
Microsoft Visual Studio Solution File, Format Version 12.00
# Visual Studio Version 17
VisualStudioVersion = 17.0.31903.59
MinimumVisualStudioVersion = 10.0.40219.1
Project("{FAE04EC0-301F-11D3-BF4B-00C04F79EFBC}") = "MyTaskApp.Core", "MyTaskApp.Core\MyTaskApp.Core.csproj", "{5783D57D-AA00-499C-9A9C-AA183EFD8011}"
EndProject
Project("{FAE04EC0-301F-11D3-BF4B-00C04F79EFBC}") = "MyTaskApp.Infrastructure", "MyTaskApp.Infrastructure\MyTaskApp.Infrastructure.csproj", "{D1B1D287-7339-492A-9546-3D5AC400B4FD}"
EndProject
Project("{FAE04EC0-301F-11D3-BF4B-00C04F79EFBC}") = "MyTaskApp.API", "MyTaskApp.API\MyTaskApp.API.csproj", "{2078F8B5-4CAB-4D24-9185-2A3F9C580030}"
EndProject
Global
	GlobalSection(SolutionConfigurationPlatforms) = preSolution
		Debug|Any CPU = Debug|Any CPU
		Release|Any CPU = Release|Any CPU
	EndGlobalSection
	GlobalSection(ProjectConfigurationPlatforms) = postSolution
		{5783D57D-AA00-499C-9A9C-AA183EFD8011}.Debug|Any CPU.ActiveCfg = Debug|Any CPU
		{5783D57D-AA00-499C-9A9C-AA183EFD8011}.Debug|Any CPU.Build.0 = Debug|Any CPU
		{5783D57D-AA00-499C-9A9C-AA183EFD8011}.Release|Any CPU.ActiveCfg = Release|Any CPU
		{5783D57D-AA00-499C-9A9C-AA183EFD8011}.Release|Any CPU.Build.0 = Release|Any CPU
		{D1B1D287-7339-492A-9546-3D5AC400B4FD}.Debug|Any CPU.ActiveCfg = Debug|Any CPU
		{D1B1D287-7339-492A-9546-3D5AC400B4FD}.Debug|Any CPU.Build.0 = Debug|Any CPU
		{D1B1D287-7339-492A-9546-3D5AC400B4FD}.Release|Any CPU.ActiveCfg = Release|Any CPU
		{D1B1D287-7339-492A-9546-3D5AC400B4FD}.Release|Any CPU.Build.0 = Release|Any CPU
		{2078F8B5-4CAB-4D24-9185-2A3F9C580030}.Debug|Any CPU.ActiveCfg = Debug|Any CPU
		{2078F8B5-4CAB-4D24-9185-2A3F9C580030}.Debug|Any CPU.Build.0 = Debug|Any CPU
		{2078F8B5-4CAB-4D24-9185-2A3F9C580030}.Release|Any CPU.ActiveCfg = Release|Any CPU
		{2078F8B5-4CAB-4D24-9185-2A3F9C580030}.Release|Any CPU.Build.0 = Release|Any CPU
	EndGlobalSection
	GlobalSection(SolutionProperties) = preSolution
		HideSolutionNode = FALSE
	EndGlobalSection
	GlobalSection(ExtensibilityGlobals) = postSolution
		SolutionGuid = {72096AB8-EB88-4D02-B492-25BEF0F72BEE}
	EndGlobalSection
EndGlobal
